// !$*UTF8*$!
{
	archiveVersion = 1;
	classes = {
	};
	objectVersion = 46;
	objects = {

/* Begin PBXBuildFile section */
		14311BE71361788700C0C593 /* UIKit.framework in Frameworks */ = {isa = PBXBuildFile; fileRef = 14311BE61361788700C0C593 /* UIKit.framework */; };
		14311BE91361788700C0C593 /* Foundation.framework in Frameworks */ = {isa = PBXBuildFile; fileRef = 14311BE81361788700C0C593 /* Foundation.framework */; };
		14311BEB1361788700C0C593 /* CoreGraphics.framework in Frameworks */ = {isa = PBXBuildFile; fileRef = 14311BEA1361788700C0C593 /* CoreGraphics.framework */; };
		14311BF11361788700C0C593 /* InfoPlist.strings in Resources */ = {isa = PBXBuildFile; fileRef = 14311BEF1361788700C0C593 /* InfoPlist.strings */; };
		14311BF41361788700C0C593 /* main.m in Sources */ = {isa = PBXBuildFile; fileRef = 14311BF31361788700C0C593 /* main.m */; };
		14311BF71361788700C0C593 /* cvAppDelegate.m in Sources */ = {isa = PBXBuildFile; fileRef = 14311BF61361788700C0C593 /* cvAppDelegate.m */; };
		14311BFA1361788700C0C593 /* MainWindow.xib in Resources */ = {isa = PBXBuildFile; fileRef = 14311BF81361788700C0C593 /* MainWindow.xib */; };
		14311BFD1361788700C0C593 /* cvViewController.m in Sources */ = {isa = PBXBuildFile; fileRef = 14311BFC1361788700C0C593 /* cvViewController.m */; };
		14311C001361788700C0C593 /* cvViewController.xib in Resources */ = {isa = PBXBuildFile; fileRef = 14311BFE1361788700C0C593 /* cvViewController.xib */; };
		14311C1D13617C2300C0C593 /* MainWindow-iPad.xib in Resources */ = {isa = PBXBuildFile; fileRef = 14311C1B13617C2300C0C593 /* MainWindow-iPad.xib */; };
		1443574013650BBF004CC7AA /* BinarizedCameraViewController.m in Sources */ = {isa = PBXBuildFile; fileRef = 1443573F13650BBF004CC7AA /* BinarizedCameraViewController.m */; };
		1489D1621369001800C061B7 /* CameraViewController.m in Sources */ = {isa = PBXBuildFile; fileRef = 1489D1611369001800C061B7 /* CameraViewController.m */; };
		1489D169136903E500C061B7 /* NormalCameraViewController.m in Sources */ = {isa = PBXBuildFile; fileRef = 1489D168136903E500C061B7 /* NormalCameraViewController.m */; };
		14975FC613653CBA00F41B08 /* QuartzHelpLibrary.m in Sources */ = {isa = PBXBuildFile; fileRef = 14975FC313653CBA00F41B08 /* QuartzHelpLibrary.m */; };
		14975FC713653CBA00F41B08 /* UIImage+pixel.m in Sources */ = {isa = PBXBuildFile; fileRef = 14975FC513653CBA00F41B08 /* UIImage+pixel.m */; };
		14B377941365BD6200738C9C /* icon114x114.png in Resources */ = {isa = PBXBuildFile; fileRef = 14B377911365BD6200738C9C /* icon114x114.png */; };
		14B377951365BD6200738C9C /* icon57x57.png in Resources */ = {isa = PBXBuildFile; fileRef = 14B377921365BD6200738C9C /* icon57x57.png */; };
		14B377961365BD6200738C9C /* icon72x72.png in Resources */ = {isa = PBXBuildFile; fileRef = 14B377931365BD6200738C9C /* icon72x72.png */; };
		14B377F11365C2C000738C9C /* Default.png in Resources */ = {isa = PBXBuildFile; fileRef = 14B377ED1365C2C000738C9C /* Default.png */; };
		14B377F21365C2C000738C9C /* Default@2x.png in Resources */ = {isa = PBXBuildFile; fileRef = 14B377EE1365C2C000738C9C /* Default@2x.png */; };
		14B377FE1365C31E00738C9C /* Default-Landscape.png in Resources */ = {isa = PBXBuildFile; fileRef = 14B377FC1365C31E00738C9C /* Default-Landscape.png */; };
		14B377FF1365C31E00738C9C /* Default-Portrait.png in Resources */ = {isa = PBXBuildFile; fileRef = 14B377FD1365C31E00738C9C /* Default-Portrait.png */; };
		14C856251362DF7000968679 /* CoreMedia.framework in Frameworks */ = {isa = PBXBuildFile; fileRef = 14C856231362DF7000968679 /* CoreMedia.framework */; };
		14C856261362DF7000968679 /* CoreVideo.framework in Frameworks */ = {isa = PBXBuildFile; fileRef = 14C856241362DF7000968679 /* CoreVideo.framework */; };
		14C8562813630B2400968679 /* AVFoundation.framework in Frameworks */ = {isa = PBXBuildFile; fileRef = 14C8562713630B2400968679 /* AVFoundation.framework */; };
		14C8562A136341F600968679 /* QuartzCore.framework in Frameworks */ = {isa = PBXBuildFile; fileRef = 14C85629136341F600968679 /* QuartzCore.framework */; };
/* End PBXBuildFile section */

/* Begin PBXFileReference section */
		14311BE21361788700C0C593 /* cv.app */ = {isa = PBXFileReference; explicitFileType = wrapper.application; includeInIndex = 0; path = cv.app; sourceTree = BUILT_PRODUCTS_DIR; };
		14311BE61361788700C0C593 /* UIKit.framework */ = {isa = PBXFileReference; lastKnownFileType = wrapper.framework; name = UIKit.framework; path = System/Library/Frameworks/UIKit.framework; sourceTree = SDKROOT; };
		14311BE81361788700C0C593 /* Foundation.framework */ = {isa = PBXFileReference; lastKnownFileType = wrapper.framework; name = Foundation.framework; path = System/Library/Frameworks/Foundation.framework; sourceTree = SDKROOT; };
		14311BEA1361788700C0C593 /* CoreGraphics.framework */ = {isa = PBXFileReference; lastKnownFileType = wrapper.framework; name = CoreGraphics.framework; path = System/Library/Frameworks/CoreGraphics.framework; sourceTree = SDKROOT; };
		14311BEE1361788700C0C593 /* cv-Info.plist */ = {isa = PBXFileReference; lastKnownFileType = text.plist.xml; path = "cv-Info.plist"; sourceTree = "<group>"; };
		14311BF01361788700C0C593 /* en */ = {isa = PBXFileReference; lastKnownFileType = text.plist.strings; name = en; path = en.lproj/InfoPlist.strings; sourceTree = "<group>"; };
		14311BF21361788700C0C593 /* cv-Prefix.pch */ = {isa = PBXFileReference; lastKnownFileType = sourcecode.c.h; path = "cv-Prefix.pch"; sourceTree = "<group>"; };
		14311BF31361788700C0C593 /* main.m */ = {isa = PBXFileReference; lastKnownFileType = sourcecode.c.objc; path = main.m; sourceTree = "<group>"; };
		14311BF51361788700C0C593 /* cvAppDelegate.h */ = {isa = PBXFileReference; lastKnownFileType = sourcecode.c.h; path = cvAppDelegate.h; sourceTree = "<group>"; };
		14311BF61361788700C0C593 /* cvAppDelegate.m */ = {isa = PBXFileReference; lastKnownFileType = sourcecode.c.objc; path = cvAppDelegate.m; sourceTree = "<group>"; };
		14311BF91361788700C0C593 /* en */ = {isa = PBXFileReference; lastKnownFileType = file.xib; name = en; path = en.lproj/MainWindow.xib; sourceTree = "<group>"; };
		14311BFB1361788700C0C593 /* cvViewController.h */ = {isa = PBXFileReference; lastKnownFileType = sourcecode.c.h; path = cvViewController.h; sourceTree = "<group>"; };
		14311BFC1361788700C0C593 /* cvViewController.m */ = {isa = PBXFileReference; lastKnownFileType = sourcecode.c.objc; path = cvViewController.m; sourceTree = "<group>"; };
		14311BFF1361788700C0C593 /* en */ = {isa = PBXFileReference; lastKnownFileType = file.xib; name = en; path = en.lproj/cvViewController.xib; sourceTree = "<group>"; };
		14311C1C13617C2300C0C593 /* en */ = {isa = PBXFileReference; lastKnownFileType = file.xib; name = en; path = "en.lproj/MainWindow-iPad.xib"; sourceTree = "<group>"; };
		1443573E13650BBF004CC7AA /* BinarizedCameraViewController.h */ = {isa = PBXFileReference; fileEncoding = 4; lastKnownFileType = sourcecode.c.h; path = BinarizedCameraViewController.h; sourceTree = "<group>"; };
		1443573F13650BBF004CC7AA /* BinarizedCameraViewController.m */ = {isa = PBXFileReference; fileEncoding = 4; lastKnownFileType = sourcecode.c.objc; path = BinarizedCameraViewController.m; sourceTree = "<group>"; };
		1489D1601369001800C061B7 /* CameraViewController.h */ = {isa = PBXFileReference; fileEncoding = 4; lastKnownFileType = sourcecode.c.h; path = CameraViewController.h; sourceTree = SOURCE_ROOT; };
		1489D1611369001800C061B7 /* CameraViewController.m */ = {isa = PBXFileReference; fileEncoding = 4; lastKnownFileType = sourcecode.c.objc; path = CameraViewController.m; sourceTree = SOURCE_ROOT; };
		1489D167136903E500C061B7 /* NormalCameraViewController.h */ = {isa = PBXFileReference; fileEncoding = 4; lastKnownFileType = sourcecode.c.h; path = NormalCameraViewController.h; sourceTree = "<group>"; };
		1489D168136903E500C061B7 /* NormalCameraViewController.m */ = {isa = PBXFileReference; fileEncoding = 4; lastKnownFileType = sourcecode.c.objc; path = NormalCameraViewController.m; sourceTree = "<group>"; };
		14975FC213653CBA00F41B08 /* QuartzHelpLibrary.h */ = {isa = PBXFileReference; fileEncoding = 4; lastKnownFileType = sourcecode.c.h; name = QuartzHelpLibrary.h; path = "../../Quartz-Help-Library/QuartzHelpLibrary.h"; sourceTree = "<group>"; };
		14975FC313653CBA00F41B08 /* QuartzHelpLibrary.m */ = {isa = PBXFileReference; fileEncoding = 4; lastKnownFileType = sourcecode.c.objc; name = QuartzHelpLibrary.m; path = "../../Quartz-Help-Library/QuartzHelpLibrary.m"; sourceTree = "<group>"; };
		14975FC413653CBA00F41B08 /* UIImage+pixel.h */ = {isa = PBXFileReference; fileEncoding = 4; lastKnownFileType = sourcecode.c.h; name = "UIImage+pixel.h"; path = "../../Quartz-Help-Library/UIImage+pixel.h"; sourceTree = "<group>"; };
		14975FC513653CBA00F41B08 /* UIImage+pixel.m */ = {isa = PBXFileReference; fileEncoding = 4; lastKnownFileType = sourcecode.c.objc; name = "UIImage+pixel.m"; path = "../../Quartz-Help-Library/UIImage+pixel.m"; sourceTree = "<group>"; };
		14B377911365BD6200738C9C /* icon114x114.png */ = {isa = PBXFileReference; lastKnownFileType = image.png; path = icon114x114.png; sourceTree = "<group>"; };
		14B377921365BD6200738C9C /* icon57x57.png */ = {isa = PBXFileReference; lastKnownFileType = image.png; path = icon57x57.png; sourceTree = "<group>"; };
		14B377931365BD6200738C9C /* icon72x72.png */ = {isa = PBXFileReference; lastKnownFileType = image.png; path = icon72x72.png; sourceTree = "<group>"; };
		14B377ED1365C2C000738C9C /* Default.png */ = {isa = PBXFileReference; lastKnownFileType = image.png; path = Default.png; sourceTree = "<group>"; };
		14B377EE1365C2C000738C9C /* Default@2x.png */ = {isa = PBXFileReference; lastKnownFileType = image.png; path = "Default@2x.png"; sourceTree = "<group>"; };
		14B377FC1365C31E00738C9C /* Default-Landscape.png */ = {isa = PBXFileReference; lastKnownFileType = image.png; path = "Default-Landscape.png"; sourceTree = "<group>"; };
		14B377FD1365C31E00738C9C /* Default-Portrait.png */ = {isa = PBXFileReference; lastKnownFileType = image.png; path = "Default-Portrait.png"; sourceTree = "<group>"; };
		14C856221362DF7000968679 /* CoreGraphics.framework */ = {isa = PBXFileReference; lastKnownFileType = wrapper.framework; name = CoreGraphics.framework; path = System/Library/Frameworks/CoreGraphics.framework; sourceTree = SDKROOT; };
		14C856231362DF7000968679 /* CoreMedia.framework */ = {isa = PBXFileReference; lastKnownFileType = wrapper.framework; name = CoreMedia.framework; path = System/Library/Frameworks/CoreMedia.framework; sourceTree = SDKROOT; };
		14C856241362DF7000968679 /* CoreVideo.framework */ = {isa = PBXFileReference; lastKnownFileType = wrapper.framework; name = CoreVideo.framework; path = System/Library/Frameworks/CoreVideo.framework; sourceTree = SDKROOT; };
		14C8562713630B2400968679 /* AVFoundation.framework */ = {isa = PBXFileReference; lastKnownFileType = wrapper.framework; name = AVFoundation.framework; path = System/Library/Frameworks/AVFoundation.framework; sourceTree = SDKROOT; };
		14C85629136341F600968679 /* QuartzCore.framework */ = {isa = PBXFileReference; lastKnownFileType = wrapper.framework; name = QuartzCore.framework; path = System/Library/Frameworks/QuartzCore.framework; sourceTree = SDKROOT; };
/* End PBXFileReference section */

/* Begin PBXFrameworksBuildPhase section */
		14311BDF1361788700C0C593 /* Frameworks */ = {
			isa = PBXFrameworksBuildPhase;
			buildActionMask = 2147483647;
			files = (
				14C8562A136341F600968679 /* QuartzCore.framework in Frameworks */,
				14C8562813630B2400968679 /* AVFoundation.framework in Frameworks */,
				14311BEB1361788700C0C593 /* CoreGraphics.framework in Frameworks */,
				14C856251362DF7000968679 /* CoreMedia.framework in Frameworks */,
				14C856261362DF7000968679 /* CoreVideo.framework in Frameworks */,
				14311BE71361788700C0C593 /* UIKit.framework in Frameworks */,
				14311BE91361788700C0C593 /* Foundation.framework in Frameworks */,
			);
			runOnlyForDeploymentPostprocessing = 0;
		};
/* End PBXFrameworksBuildPhase section */

/* Begin PBXGroup section */
		14311BD71361788700C0C593 = {
			isa = PBXGroup;
			children = (
				1489D1601369001800C061B7 /* CameraViewController.h */,
				1489D1611369001800C061B7 /* CameraViewController.m */,
				14975FC813654A1300F41B08 /* Quartz Help Library */,
				14311BEC1361788700C0C593 /* cv */,
				14311BE51361788700C0C593 /* Frameworks */,
				14311BE31361788700C0C593 /* Products */,
			);
			sourceTree = "<group>";
		};
		14311BE31361788700C0C593 /* Products */ = {
			isa = PBXGroup;
			children = (
				14311BE21361788700C0C593 /* cv.app */,
			);
			name = Products;
			sourceTree = "<group>";
		};
		14311BE51361788700C0C593 /* Frameworks */ = {
			isa = PBXGroup;
			children = (
				14C85629136341F600968679 /* QuartzCore.framework */,
				14C8562713630B2400968679 /* AVFoundation.framework */,
				14C856221362DF7000968679 /* CoreGraphics.framework */,
				14C856231362DF7000968679 /* CoreMedia.framework */,
				14C856241362DF7000968679 /* CoreVideo.framework */,
				14311BE61361788700C0C593 /* UIKit.framework */,
				14311BE81361788700C0C593 /* Foundation.framework */,
				14311BEA1361788700C0C593 /* CoreGraphics.framework */,
			);
			name = Frameworks;
			sourceTree = "<group>";
		};
		14311BEC1361788700C0C593 /* cv */ = {
			isa = PBXGroup;
			children = (
				1489D1631369002F00C061B7 /* Test ViewControllers */,
				14311BF51361788700C0C593 /* cvAppDelegate.h */,
				14311BF61361788700C0C593 /* cvAppDelegate.m */,
				14311BFB1361788700C0C593 /* cvViewController.h */,
				14311BFC1361788700C0C593 /* cvViewController.m */,
				14311BED1361788700C0C593 /* Supporting Files */,
				14B3778F1365BD6200738C9C /* Resources */,
			);
			path = cv;
			sourceTree = "<group>";
		};
		14311BED1361788700C0C593 /* Supporting Files */ = {
			isa = PBXGroup;
			children = (
				14311C1B13617C2300C0C593 /* MainWindow-iPad.xib */,
				14311BF81361788700C0C593 /* MainWindow.xib */,
				14311BFE1361788700C0C593 /* cvViewController.xib */,
				14311BEE1361788700C0C593 /* cv-Info.plist */,
				14311BEF1361788700C0C593 /* InfoPlist.strings */,
				14311BF21361788700C0C593 /* cv-Prefix.pch */,
				14311BF31361788700C0C593 /* main.m */,
			);
			name = "Supporting Files";
			sourceTree = "<group>";
		};
		1489D1631369002F00C061B7 /* Test ViewControllers */ = {
			isa = PBXGroup;
			children = (
				1489D167136903E500C061B7 /* NormalCameraViewController.h */,
				1489D168136903E500C061B7 /* NormalCameraViewController.m */,
				1443573E13650BBF004CC7AA /* BinarizedCameraViewController.h */,
				1443573F13650BBF004CC7AA /* BinarizedCameraViewController.m */,
			);
			name = "Test ViewControllers";
			sourceTree = "<group>";
		};
		14975FC813654A1300F41B08 /* Quartz Help Library */ = {
			isa = PBXGroup;
			children = (
				14975FC213653CBA00F41B08 /* QuartzHelpLibrary.h */,
				14975FC313653CBA00F41B08 /* QuartzHelpLibrary.m */,
				14975FC413653CBA00F41B08 /* UIImage+pixel.h */,
				14975FC513653CBA00F41B08 /* UIImage+pixel.m */,
			);
			name = "Quartz Help Library";
			path = cv;
			sourceTree = "<group>";
		};
		14B3778F1365BD6200738C9C /* Resources */ = {
			isa = PBXGroup;
			children = (
				14B377901365BD6200738C9C /* image */,
			);
			path = Resources;
			sourceTree = "<group>";
		};
		14B377901365BD6200738C9C /* image */ = {
			isa = PBXGroup;
			children = (
				14B377FC1365C31E00738C9C /* Default-Landscape.png */,
				14B377FD1365C31E00738C9C /* Default-Portrait.png */,
				14B377ED1365C2C000738C9C /* Default.png */,
				14B377EE1365C2C000738C9C /* Default@2x.png */,
				14B377911365BD6200738C9C /* icon114x114.png */,
				14B377921365BD6200738C9C /* icon57x57.png */,
				14B377931365BD6200738C9C /* icon72x72.png */,
			);
			path = image;
			sourceTree = "<group>";
		};
/* End PBXGroup section */

/* Begin PBXNativeTarget section */
		14311BE11361788700C0C593 /* cv */ = {
			isa = PBXNativeTarget;
			buildConfigurationList = 14311C031361788700C0C593 /* Build configuration list for PBXNativeTarget "cv" */;
			buildPhases = (
				14311BDE1361788700C0C593 /* Sources */,
				14311BDF1361788700C0C593 /* Frameworks */,
				14311BE01361788700C0C593 /* Resources */,
			);
			buildRules = (
			);
			dependencies = (
			);
			name = cv;
			productName = cv;
			productReference = 14311BE21361788700C0C593 /* cv.app */;
			productType = "com.apple.product-type.application";
		};
/* End PBXNativeTarget section */

/* Begin PBXProject section */
		14311BD91361788700C0C593 /* Project object */ = {
			isa = PBXProject;
			buildConfigurationList = 14311BDC1361788700C0C593 /* Build configuration list for PBXProject "cv" */;
			compatibilityVersion = "Xcode 3.2";
			developmentRegion = English;
			hasScannedForEncodings = 0;
			knownRegions = (
				en,
			);
			mainGroup = 14311BD71361788700C0C593;
			productRefGroup = 14311BE31361788700C0C593 /* Products */;
			projectDirPath = "";
			projectRoot = "";
			targets = (
				14311BE11361788700C0C593 /* cv */,
			);
		};
/* End PBXProject section */

/* Begin PBXResourcesBuildPhase section */
		14311BE01361788700C0C593 /* Resources */ = {
			isa = PBXResourcesBuildPhase;
			buildActionMask = 2147483647;
			files = (
				14311BF11361788700C0C593 /* InfoPlist.strings in Resources */,
				14311BFA1361788700C0C593 /* MainWindow.xib in Resources */,
				14311C001361788700C0C593 /* cvViewController.xib in Resources */,
				14311C1D13617C2300C0C593 /* MainWindow-iPad.xib in Resources */,
				14B377941365BD6200738C9C /* icon114x114.png in Resources */,
				14B377951365BD6200738C9C /* icon57x57.png in Resources */,
				14B377961365BD6200738C9C /* icon72x72.png in Resources */,
				14B377F11365C2C000738C9C /* Default.png in Resources */,
				14B377F21365C2C000738C9C /* Default@2x.png in Resources */,
				14B377FE1365C31E00738C9C /* Default-Landscape.png in Resources */,
				14B377FF1365C31E00738C9C /* Default-Portrait.png in Resources */,
			);
			runOnlyForDeploymentPostprocessing = 0;
		};
/* End PBXResourcesBuildPhase section */

/* Begin PBXSourcesBuildPhase section */
		14311BDE1361788700C0C593 /* Sources */ = {
			isa = PBXSourcesBuildPhase;
			buildActionMask = 2147483647;
			files = (
				14311BF41361788700C0C593 /* main.m in Sources */,
				14311BF71361788700C0C593 /* cvAppDelegate.m in Sources */,
				14311BFD1361788700C0C593 /* cvViewController.m in Sources */,
				1443574013650BBF004CC7AA /* BinarizedCameraViewController.m in Sources */,
				14975FC613653CBA00F41B08 /* QuartzHelpLibrary.m in Sources */,
				14975FC713653CBA00F41B08 /* UIImage+pixel.m in Sources */,
				1489D1621369001800C061B7 /* CameraViewController.m in Sources */,
				1489D169136903E500C061B7 /* NormalCameraViewController.m in Sources */,
			);
			runOnlyForDeploymentPostprocessing = 0;
		};
/* End PBXSourcesBuildPhase section */

/* Begin PBXVariantGroup section */
		14311BEF1361788700C0C593 /* InfoPlist.strings */ = {
			isa = PBXVariantGroup;
			children = (
				14311BF01361788700C0C593 /* en */,
			);
			name = InfoPlist.strings;
			sourceTree = "<group>";
		};
		14311BF81361788700C0C593 /* MainWindow.xib */ = {
			isa = PBXVariantGroup;
			children = (
				14311BF91361788700C0C593 /* en */,
			);
			name = MainWindow.xib;
			sourceTree = "<group>";
		};
		14311BFE1361788700C0C593 /* cvViewController.xib */ = {
			isa = PBXVariantGroup;
			children = (
				14311BFF1361788700C0C593 /* en */,
			);
			name = cvViewController.xib;
			sourceTree = "<group>";
		};
		14311C1B13617C2300C0C593 /* MainWindow-iPad.xib */ = {
			isa = PBXVariantGroup;
			children = (
				14311C1C13617C2300C0C593 /* en */,
			);
			name = "MainWindow-iPad.xib";
			sourceTree = "<group>";
		};
/* End PBXVariantGroup section */

/* Begin XCBuildConfiguration section */
		14311C011361788700C0C593 /* Debug */ = {
			isa = XCBuildConfiguration;
			buildSettings = {
				ARCHS = "$(ARCHS_STANDARD_32_BIT)";
				"CODE_SIGN_IDENTITY[sdk=iphoneos*]" = "iPhone Developer";
				GCC_C_LANGUAGE_STANDARD = gnu99;
				GCC_OPTIMIZATION_LEVEL = 0;
				GCC_PREPROCESSOR_DEFINITIONS = (
					DEBUG,
					_DEBUG,
				);
				GCC_SYMBOLS_PRIVATE_EXTERN = NO;
				GCC_THUMB_SUPPORT = NO;
				GCC_VERSION = com.apple.compilers.llvmgcc42;
				GCC_WARN_ABOUT_RETURN_TYPE = YES;
				GCC_WARN_UNUSED_VARIABLE = YES;
				IPHONEOS_DEPLOYMENT_TARGET = 4.3;
				SDKROOT = iphoneos;
			};
			name = Debug;
		};
		14311C021361788700C0C593 /* Release */ = {
			isa = XCBuildConfiguration;
			buildSettings = {
				ARCHS = "$(ARCHS_STANDARD_32_BIT)";
				"CODE_SIGN_IDENTITY[sdk=iphoneos*]" = "iPhone Developer";
				GCC_C_LANGUAGE_STANDARD = gnu99;
				GCC_OPTIMIZATION_LEVEL = 3;
				GCC_THUMB_SUPPORT = NO;
				GCC_VERSION = com.apple.compilers.llvmgcc42;
				GCC_WARN_ABOUT_RETURN_TYPE = YES;
				GCC_WARN_UNUSED_VARIABLE = YES;
				IPHONEOS_DEPLOYMENT_TARGET = 4.3;
				OTHER_CFLAGS = "-DNS_BLOCK_ASSERTIONS=1";
				SDKROOT = iphoneos;
			};
			name = Release;
		};
		14311C041361788700C0C593 /* Debug */ = {
			isa = XCBuildConfiguration;
			buildSettings = {
				ALWAYS_SEARCH_USER_PATHS = NO;
				COPY_PHASE_STRIP = NO;
				GCC_DYNAMIC_NO_PIC = NO;
				GCC_PRECOMPILE_PREFIX_HEADER = YES;
				GCC_PREFIX_HEADER = "cv/cv-Prefix.pch";
				INFOPLIST_FILE = "cv/cv-Info.plist";
				IPHONEOS_DEPLOYMENT_TARGET = 4.3;
				PRODUCT_NAME = "$(TARGET_NAME)";
				TARGETED_DEVICE_FAMILY = "1,2";
				WRAPPER_EXTENSION = app;
			};
			name = Debug;
		};
		14311C051361788700C0C593 /* Release */ = {
			isa = XCBuildConfiguration;
			buildSettings = {
				ALWAYS_SEARCH_USER_PATHS = NO;
				COPY_PHASE_STRIP = YES;
				GCC_PRECOMPILE_PREFIX_HEADER = YES;
				GCC_PREFIX_HEADER = "cv/cv-Prefix.pch";
				INFOPLIST_FILE = "cv/cv-Info.plist";
				IPHONEOS_DEPLOYMENT_TARGET = 4.3;
				PRODUCT_NAME = "$(TARGET_NAME)";
				TARGETED_DEVICE_FAMILY = "1,2";
				VALIDATE_PRODUCT = YES;
				WRAPPER_EXTENSION = app;
			};
			name = Release;
		};
/* End XCBuildConfiguration section */

/* Begin XCConfigurationList section */
		14311BDC1361788700C0C593 /* Build configuration list for PBXProject "cv" */ = {
			isa = XCConfigurationList;
			buildConfigurations = (
				14311C011361788700C0C593 /* Debug */,
				14311C021361788700C0C593 /* Release */,
			);
			defaultConfigurationIsVisible = 0;
			defaultConfigurationName = Release;
		};
		14311C031361788700C0C593 /* Build configuration list for PBXNativeTarget "cv" */ = {
			isa = XCConfigurationList;
			buildConfigurations = (
				14311C041361788700C0C593 /* Debug */,
				14311C051361788700C0C593 /* Release */,
			);
			defaultConfigurationIsVisible = 0;
			defaultConfigurationName = Release;
		};
/* End XCConfigurationList section */
	};
	rootObject = 14311BD91361788700C0C593 /* Project object */;
}
